Microsoft Visual Studio Solution File, Format Version 12.00
# Visual Studio 15
VisualStudioVersion = 15.0.28010.2026
MinimumVisualStudioVersion = 10.0.40219.1
Project("{8BC9CEB8-8B4A-11D0-8D11-00A0C91BC942}") = "game", "game.vcproj", "{49BEC5C6-B964-417A-851E-808886B57430}"
	ProjectSection(ProjectDependencies) = postProject
		{49BEC5C6-B964-417A-851E-808886B57400} = {49BEC5C6-B964-417A-851E-808886B57400}
	EndProjectSection
EndProject
Project("{8BC9CEB8-8B4A-11D0-8D11-00A0C91BC942}") = "idlib", "idlib.vcproj", "{49BEC5C6-B964-417A-851E-808886B57400}"
	ProjectSection(ProjectDependencies) = postProject
	EndProjectSection
EndProject
Project("{8BC9CEB8-8B4A-11D0-8D11-00A0C91BC942}") = "mpgame", "mpgame.vcproj", "{F2EF9123-B7C3-4F2F-A351-747B595BB534}"
	ProjectSection(ProjectDependencies) = postProject
		{49BEC5C6-B964-417A-851E-808886B57400} = {49BEC5C6-B964-417A-851E-808886B57400}
	EndProjectSection
EndProject
Global
	GlobalSection(SolutionConfigurationPlatforms) = preSolution
		Debug|Default = Debug|Default
		DebugInline|Default = DebugInline|Default
		Release|Default = Release|Default
	EndGlobalSection
	GlobalSection(ProjectConfigurationPlatforms) = postSolution
		{49BEC5C6-B964-417A-851E-808886B57430}.Debug|Default.ActiveCfg = Debug|Win32
		{49BEC5C6-B964-417A-851E-808886B57430}.Debug|Default.Build.0 = Debug|Win32
		{49BEC5C6-B964-417A-851E-808886B57430}.DebugInline|Default.ActiveCfg = DebugInline|Win32
		{49BEC5C6-B964-417A-851E-808886B57430}.DebugInline|Default.Build.0 = DebugInline|Win32
		{49BEC5C6-B964-417A-851E-808886B57430}.Release|Default.ActiveCfg = Release|Win32
		{49BEC5C6-B964-417A-851E-808886B57430}.Release|Default.Build.0 = Release|Win32
		{49BEC5C6-B964-417A-851E-808886B57400}.Debug|Default.ActiveCfg = Debug|Win32
		{49BEC5C6-B964-417A-851E-808886B57400}.Debug|Default.Build.0 = Debug|Win32
		{49BEC5C6-B964-417A-851E-808886B57400}.DebugInline|Default.ActiveCfg = DebugInline|Win32
		{49BEC5C6-B964-417A-851E-808886B57400}.DebugInline|Default.Build.0 = DebugInline|Win32
		{49BEC5C6-B964-417A-851E-808886B57400}.Release|Default.ActiveCfg = Release|Win32
		{49BEC5C6-B964-417A-851E-808886B57400}.Release|Default.Build.0 = Release|Win32
		{F2EF9123-B7C3-4F2F-A351-747B595BB534}.Debug|Default.ActiveCfg = Debug|Win32
		{F2EF9123-B7C3-4F2F-A351-747B595BB534}.Debug|Default.Build.0 = Debug|Win32
		{F2EF9123-B7C3-4F2F-A351-747B595BB534}.DebugInline|Default.ActiveCfg = DebugInline|Win32
		{F2EF9123-B7C3-4F2F-A351-747B595BB534}.DebugInline|Default.Build.0 = DebugInline|Win32
		{F2EF9123-B7C3-4F2F-A351-747B595BB534}.Release|Default.ActiveCfg = Release|Win32
		{F2EF9123-B7C3-4F2F-A351-747B595BB534}.Release|Default.Build.0 = Release|Win32
	EndGlobalSection
	GlobalSection(SolutionProperties) = preSolution
		HideSolutionNode = FALSE
	EndGlobalSection
	GlobalSection(ExtensibilityGlobals) = postSolution
		SolutionGuid = {CB70FAB4-FABE-4777-8061-70B5C899092D}
	EndGlobalSection
EndGlobal
